// !$*UTF8*$!
{
	archiveVersion = 1;
	classes = {
	};
	objectVersion = 77;
	objects = {

/* Begin PBXBuildFile section */
		0A3480F52F4AABA0000BBD6B /* SpellRowView.swift in Sources */ = {isa = PBXBuildFile; fileRef = 0A3480F42F4AABA0000BBD6B /* SpellRowView.swift */; };
		0A3480F92F4AAD2D000BBD6B /* NetworkError.swift in Sources */ = {isa = PBXBuildFile; fileRef = 0A3480F82F4AAD2D000BBD6B /* NetworkError.swift */; };
		0A3480FF2F4AB6EB000BBD6B /* SpellBasicTests.swift in Sources */ = {isa = PBXBuildFile; fileRef = 0A3480FE2F4AB6EB000BBD6B /* SpellBasicTests.swift */; };
		0A3481012F4AB71A000BBD6B /* SpellComputedTypeTests.swift in Sources */ = {isa = PBXBuildFile; fileRef = 0A3481002F4AB71A000BBD6B /* SpellComputedTypeTests.swift */; };
		0A4BC48C2F403892006D8D14 /* ContentView.swift in Sources */ = {isa = PBXBuildFile; fileRef = 0A4BC48A2F403892006D8D14 /* ContentView.swift */; };
		0A4BC49F2F416A6F006D8D14 /* MagisteriumApp.swift in Sources */ = {isa = PBXBuildFile; fileRef = 0A4BC49D2F416A6F006D8D14 /* MagisteriumApp.swift */; };
		0A4BC4A02F416A6F006D8D14 /* Assets.xcassets in Resources */ = {isa = PBXBuildFile; fileRef = 0A4BC49C2F416A6F006D8D14 /* Assets.xcassets */; };
		0A4BC4B12F416F7E006D8D14 /* MagisteriumTests.swift in Sources */ = {isa = PBXBuildFile; fileRef = 0A4BC4AF2F416F7E006D8D14 /* MagisteriumTests.swift */; };
		0A4BC4B52F416F90006D8D14 /* MagisteriumUITests.swift in Sources */ = {isa = PBXBuildFile; fileRef = 0A4BC4B22F416F90006D8D14 /* MagisteriumUITests.swift */; };
		0A4BC4B62F416F90006D8D14 /* MagisteriumUITestsLaunchTests.swift in Sources */ = {isa = PBXBuildFile; fileRef = 0A4BC4B32F416F90006D8D14 /* MagisteriumUITestsLaunchTests.swift */; };
		0A4BC4BA2F417197006D8D14 /* Beast.swift in Sources */ = {isa = PBXBuildFile; fileRef = 0A4BC4B92F417197006D8D14 /* Beast.swift */; };
		0A4BC4BC2F4171CD006D8D14 /* BeastCategory.swift in Sources */ = {isa = PBXBuildFile; fileRef = 0A4BC4BB2F4171CD006D8D14 /* BeastCategory.swift */; };
		0A4BC4BE2F4171E6006D8D14 /* MOMClassification.swift in Sources */ = {isa = PBXBuildFile; fileRef = 0A4BC4BD2F4171E6006D8D14 /* MOMClassification.swift */; };
		0A4BC4C12F417582006D8D14 /* MOMClassificationEngine.m in Sources */ = {isa = PBXBuildFile; fileRef = 0A4BC4C02F417582006D8D14 /* MOMClassificationEngine.m */; };
		0A4BC4C32F41771B006D8D14 /* MOMClassificationCalculator.swift in Sources */ = {isa = PBXBuildFile; fileRef = 0A4BC4C22F41771B006D8D14 /* MOMClassificationCalculator.swift */; };
		0A4BC4CD2F4183A2006D8D14 /* SpellListViewModel.swift in Sources */ = {isa = PBXBuildFile; fileRef = 0A4BC4CC2F4183A2006D8D14 /* SpellListViewModel.swift */; };
		0A4BC4D12F4186F0006D8D14 /* SpellType.swift in Sources */ = {isa = PBXBuildFile; fileRef = 0A4BC4D02F4186F0006D8D14 /* SpellType.swift */; };
		0A4BC4D32F4187AD006D8D14 /* SpellListView.swift in Sources */ = {isa = PBXBuildFile; fileRef = 0A4BC4D22F4187AD006D8D14 /* SpellListView.swift */; };
		0A4BC4D52F418A0D006D8D14 /* SpellDetailView.swift in Sources */ = {isa = PBXBuildFile; fileRef = 0A4BC4D42F418A0D006D8D14 /* SpellDetailView.swift */; };
		0A4F141A2F4951860099948D /* SpellDto.swift in Sources */ = {isa = PBXBuildFile; fileRef = 0A4F14192F4951860099948D /* SpellDto.swift */; };
		0A4F141E2F4953E10099948D /* Spell.swift in Sources */ = {isa = PBXBuildFile; fileRef = 0A4F141D2F4953E10099948D /* Spell.swift */; };
		0A4F14242F495A220099948D /* RemoteFetching.swift in Sources */ = {isa = PBXBuildFile; fileRef = 0A4F14232F495A220099948D /* RemoteFetching.swift */; };
		0A4F14282F495AF30099948D /* DTOMapper.swift in Sources */ = {isa = PBXBuildFile; fileRef = 0A4F14272F495AF30099948D /* DTOMapper.swift */; };
		0A4F142A2F495B320099948D /* SpellMapper.swift in Sources */ = {isa = PBXBuildFile; fileRef = 0A4F14292F495B320099948D /* SpellMapper.swift */; };
		0A4F142D2F495BDE0099948D /* DTOIdentifying.swift in Sources */ = {isa = PBXBuildFile; fileRef = 0A4F142C2F495BDE0099948D /* DTOIdentifying.swift */; };
		0A4F142F2F495C030099948D /* SpellIdentifier.swift in Sources */ = {isa = PBXBuildFile; fileRef = 0A4F142E2F495C030099948D /* SpellIdentifier.swift */; };
		0A4F14312F495C660099948D /* GenericSyncService.swift in Sources */ = {isa = PBXBuildFile; fileRef = 0A4F14302F495C660099948D /* GenericSyncService.swift */; };
		0A4F14412F4961410099948D /* Endpoint.swift in Sources */ = {isa = PBXBuildFile; fileRef = 0A4F14402F4961410099948D /* Endpoint.swift */; };
		0A4F14432F4961920099948D /* NetworkClient.swift in Sources */ = {isa = PBXBuildFile; fileRef = 0A4F14422F4961920099948D /* NetworkClient.swift */; };
		0A4F14462F4961D80099948D /* SpellRemoteSource.swift in Sources */ = {isa = PBXBuildFile; fileRef = 0A4F14452F4961D80099948D /* SpellRemoteSource.swift */; };
		0A4F144A2F4963D10099948D /* SpellSyncService.swift in Sources */ = {isa = PBXBuildFile; fileRef = 0A4F14492F4963D10099948D /* SpellSyncService.swift */; };
		0A7AD4EA2F4AB86C008AF6B5 /* SpellSwiftDataTests.swift in Sources */ = {isa = PBXBuildFile; fileRef = 0A7AD4E92F4AB86C008AF6B5 /* SpellSwiftDataTests.swift */; };
		0A7AD4EE2F4ABAE6008AF6B5 /* SpellDtoTests.swift in Sources */ = {isa = PBXBuildFile; fileRef = 0A7AD4ED2F4ABAE6008AF6B5 /* SpellDtoTests.swift */; };
/* End PBXBuildFile section */

/* Begin PBXContainerItemProxy section */
		0AB5410A2F40377C007E9D87 /* PBXContainerItemProxy */ = {
			isa = PBXContainerItemProxy;
			containerPortal = 0AB540F42F40377B007E9D87 /* Project object */;
			proxyType = 1;
			remoteGlobalIDString = 0AB540FB2F40377B007E9D87;
			remoteInfo = FantasticBeasts;
		};
		0AB541142F40377C007E9D87 /* PBXContainerItemProxy */ = {
			isa = PBXContainerItemProxy;
			containerPortal = 0AB540F42F40377B007E9D87 /* Project object */;
			proxyType = 1;
			remoteGlobalIDString = 0AB540FB2F40377B007E9D87;
			remoteInfo = FantasticBeasts;
		};
/* End PBXContainerItemProxy section */

/* Begin PBXFileReference section */
		0A3480F42F4AABA0000BBD6B /* SpellRowView.swift */ = {isa = PBXFileReference; lastKnownFileType = sourcecode.swift; path = SpellRowView.swift; sourceTree = "<group>"; };
		0A3480F82F4AAD2D000BBD6B /* NetworkError.swift */ = {isa = PBXFileReference; lastKnownFileType = sourcecode.swift; path = NetworkError.swift; sourceTree = "<group>"; };
		0A3480FE2F4AB6EB000BBD6B /* SpellBasicTests.swift */ = {isa = PBXFileReference; lastKnownFileType = sourcecode.swift; path = SpellBasicTests.swift; sourceTree = "<group>"; };
		0A3481002F4AB71A000BBD6B /* SpellComputedTypeTests.swift */ = {isa = PBXFileReference; lastKnownFileType = sourcecode.swift; path = SpellComputedTypeTests.swift; sourceTree = "<group>"; };
		0A4BC48A2F403892006D8D14 /* ContentView.swift */ = {isa = PBXFileReference; lastKnownFileType = sourcecode.swift; path = ContentView.swift; sourceTree = "<group>"; };
		0A4BC4972F403947006D8D14 /* Magisterium-Bridging-Header.h */ = {isa = PBXFileReference; lastKnownFileType = sourcecode.c.h; path = "Magisterium-Bridging-Header.h"; sourceTree = "<group>"; };
		0A4BC49C2F416A6F006D8D14 /* Assets.xcassets */ = {isa = PBXFileReference; lastKnownFileType = folder.assetcatalog; path = Assets.xcassets; sourceTree = "<group>"; };
		0A4BC49D2F416A6F006D8D14 /* MagisteriumApp.swift */ = {isa = PBXFileReference; lastKnownFileType = sourcecode.swift; path = MagisteriumApp.swift; sourceTree = "<group>"; };
		0A4BC4AF2F416F7E006D8D14 /* MagisteriumTests.swift */ = {isa = PBXFileReference; lastKnownFileType = sourcecode.swift; path = MagisteriumTests.swift; sourceTree = "<group>"; };
		0A4BC4B22F416F90006D8D14 /* MagisteriumUITests.swift */ = {isa = PBXFileReference; lastKnownFileType = sourcecode.swift; path = MagisteriumUITests.swift; sourceTree = "<group>"; };
		0A4BC4B32F416F90006D8D14 /* MagisteriumUITestsLaunchTests.swift */ = {isa = PBXFileReference; lastKnownFileType = sourcecode.swift; path = MagisteriumUITestsLaunchTests.swift; sourceTree = "<group>"; };
		0A4BC4B92F417197006D8D14 /* Beast.swift */ = {isa = PBXFileReference; lastKnownFileType = sourcecode.swift; path = Beast.swift; sourceTree = "<group>"; };
		0A4BC4BB2F4171CD006D8D14 /* BeastCategory.swift */ = {isa = PBXFileReference; lastKnownFileType = sourcecode.swift; path = BeastCategory.swift; sourceTree = "<group>"; };
		0A4BC4BD2F4171E6006D8D14 /* MOMClassification.swift */ = {isa = PBXFileReference; lastKnownFileType = sourcecode.swift; path = MOMClassification.swift; sourceTree = "<group>"; };
		0A4BC4BF2F4174C1006D8D14 /* MOMClassificationEngine.h */ = {isa = PBXFileReference; lastKnownFileType = sourcecode.c.h; path = MOMClassificationEngine.h; sourceTree = "<group>"; };
		0A4BC4C02F417582006D8D14 /* MOMClassificationEngine.m */ = {isa = PBXFileReference; lastKnownFileType = sourcecode.c.objc; path = MOMClassificationEngine.m; sourceTree = "<group>"; };
		0A4BC4C22F41771B006D8D14 /* MOMClassificationCalculator.swift */ = {isa = PBXFileReference; lastKnownFileType = sourcecode.swift; path = MOMClassificationCalculator.swift; sourceTree = "<group>"; };
		0A4BC4CC2F4183A2006D8D14 /* SpellListViewModel.swift */ = {isa = PBXFileReference; lastKnownFileType = sourcecode.swift; path = SpellListViewModel.swift; sourceTree = "<group>"; };
		0A4BC4D02F4186F0006D8D14 /* SpellType.swift */ = {isa = PBXFileReference; lastKnownFileType = sourcecode.swift; path = SpellType.swift; sourceTree = "<group>"; };
		0A4BC4D22F4187AD006D8D14 /* SpellListView.swift */ = {isa = PBXFileReference; lastKnownFileType = sourcecode.swift; path = SpellListView.swift; sourceTree = "<group>"; };
		0A4BC4D42F418A0D006D8D14 /* SpellDetailView.swift */ = {isa = PBXFileReference; lastKnownFileType = sourcecode.swift; path = SpellDetailView.swift; sourceTree = "<group>"; };
		0A4F14192F4951860099948D /* SpellDto.swift */ = {isa = PBXFileReference; lastKnownFileType = sourcecode.swift; path = SpellDto.swift; sourceTree = "<group>"; };
		0A4F141D2F4953E10099948D /* Spell.swift */ = {isa = PBXFileReference; lastKnownFileType = sourcecode.swift; path = Spell.swift; sourceTree = "<group>"; };
		0A4F14232F495A220099948D /* RemoteFetching.swift */ = {isa = PBXFileReference; lastKnownFileType = sourcecode.swift; path = RemoteFetching.swift; sourceTree = "<group>"; };
		0A4F14272F495AF30099948D /* DTOMapper.swift */ = {isa = PBXFileReference; lastKnownFileType = sourcecode.swift; path = DTOMapper.swift; sourceTree = "<group>"; };
		0A4F14292F495B320099948D /* SpellMapper.swift */ = {isa = PBXFileReference; lastKnownFileType = sourcecode.swift; path = SpellMapper.swift; sourceTree = "<group>"; };
		0A4F142C2F495BDE0099948D /* DTOIdentifying.swift */ = {isa = PBXFileReference; lastKnownFileType = sourcecode.swift; path = DTOIdentifying.swift; sourceTree = "<group>"; };
		0A4F142E2F495C030099948D /* SpellIdentifier.swift */ = {isa = PBXFileReference; lastKnownFileType = sourcecode.swift; path = SpellIdentifier.swift; sourceTree = "<group>"; };
		0A4F14302F495C660099948D /* GenericSyncService.swift */ = {isa = PBXFileReference; lastKnownFileType = sourcecode.swift; path = GenericSyncService.swift; sourceTree = "<group>"; };
		0A4F14402F4961410099948D /* Endpoint.swift */ = {isa = PBXFileReference; lastKnownFileType = sourcecode.swift; path = Endpoint.swift; sourceTree = "<group>"; };
		0A4F14422F4961920099948D /* NetworkClient.swift */ = {isa = PBXFileReference; lastKnownFileType = sourcecode.swift; path = NetworkClient.swift; sourceTree = "<group>"; };
		0A4F14452F4961D80099948D /* SpellRemoteSource.swift */ = {isa = PBXFileReference; lastKnownFileType = sourcecode.swift; path = SpellRemoteSource.swift; sourceTree = "<group>"; };
		0A4F14492F4963D10099948D /* SpellSyncService.swift */ = {isa = PBXFileReference; lastKnownFileType = sourcecode.swift; path = SpellSyncService.swift; sourceTree = "<group>"; };
		0A7AD4E82F4AB78F008AF6B5 /* Magisterium.xctestplan */ = {isa = PBXFileReference; lastKnownFileType = text; path = Magisterium.xctestplan; sourceTree = "<group>"; };
		0A7AD4E92F4AB86C008AF6B5 /* SpellSwiftDataTests.swift */ = {isa = PBXFileReference; lastKnownFileType = sourcecode.swift; path = SpellSwiftDataTests.swift; sourceTree = "<group>"; };
		0A7AD4ED2F4ABAE6008AF6B5 /* SpellDtoTests.swift */ = {isa = PBXFileReference; lastKnownFileType = sourcecode.swift; path = SpellDtoTests.swift; sourceTree = "<group>"; };
		0AB540FC2F40377B007E9D87 /* Magisterium.app */ = {isa = PBXFileReference; explicitFileType = wrapper.application; includeInIndex = 0; path = Magisterium.app; sourceTree = BUILT_PRODUCTS_DIR; };
		0AB541092F40377C007E9D87 /* MagisteriumTests.xctest */ = {isa = PBXFileReference; explicitFileType = wrapper.cfbundle; includeInIndex = 0; path = MagisteriumTests.xctest; sourceTree = BUILT_PRODUCTS_DIR; };
		0AB541132F40377C007E9D87 /* MagisteriumUITests.xctest */ = {isa = PBXFileReference; explicitFileType = wrapper.cfbundle; includeInIndex = 0; path = MagisteriumUITests.xctest; sourceTree = BUILT_PRODUCTS_DIR; };
/* End PBXFileReference section */

/* Begin PBXFrameworksBuildPhase section */
		0AB540F92F40377B007E9D87 /* Frameworks */ = {
			isa = PBXFrameworksBuildPhase;
			buildActionMask = 2147483647;
			files = (
			);
			runOnlyForDeploymentPostprocessing = 0;
		};
		0AB541062F40377C007E9D87 /* Frameworks */ = {
			isa = PBXFrameworksBuildPhase;
			buildActionMask = 2147483647;
			files = (
			);
			runOnlyForDeploymentPostprocessing = 0;
		};
		0AB541102F40377C007E9D87 /* Frameworks */ = {
			isa = PBXFrameworksBuildPhase;
			buildActionMask = 2147483647;
			files = (
			);
			runOnlyForDeploymentPostprocessing = 0;
		};
/* End PBXFrameworksBuildPhase section */

/* Begin PBXGroup section */
		0A3480F02F4AA70D000BBD6B /* Presentation */ = {
			isa = PBXGroup;
			children = (
				0A3480F12F4AA716000BBD6B /* Spell */,
				0A4BC48A2F403892006D8D14 /* ContentView.swift */,
			);
			path = Presentation;
			sourceTree = "<group>";
		};
		0A3480F12F4AA716000BBD6B /* Spell */ = {
			isa = PBXGroup;
			children = (
				0A3480F42F4AABA0000BBD6B /* SpellRowView.swift */,
				0A4BC4CC2F4183A2006D8D14 /* SpellListViewModel.swift */,
				0A4BC4D22F4187AD006D8D14 /* SpellListView.swift */,
				0A4BC4D42F418A0D006D8D14 /* SpellDetailView.swift */,
			);
			path = Spell;
			sourceTree = "<group>";
		};
		0A3480F22F4AA741000BBD6B /* DTOs */ = {
			isa = PBXGroup;
			children = (
				0A4F14192F4951860099948D /* SpellDto.swift */,
			);
			path = DTOs;
			sourceTree = "<group>";
		};
		0A3480F32F4AA786000BBD6B /* Http */ = {
			isa = PBXGroup;
			children = (
				0A3480F82F4AAD2D000BBD6B /* NetworkError.swift */,
				0A4F14422F4961920099948D /* NetworkClient.swift */,
				0A4F14402F4961410099948D /* Endpoint.swift */,
			);
			path = Http;
			sourceTree = "<group>";
		};
		0A3480FC2F4AB6B3000BBD6B /* Domain */ = {
			isa = PBXGroup;
			children = (
				0A3480FD2F4AB6BF000BBD6B /* Spell */,
			);
			path = Domain;
			sourceTree = "<group>";
		};
		0A3480FD2F4AB6BF000BBD6B /* Spell */ = {
			isa = PBXGroup;
			children = (
				0A3480FE2F4AB6EB000BBD6B /* SpellBasicTests.swift */,
				0A3481002F4AB71A000BBD6B /* SpellComputedTypeTests.swift */,
				0A7AD4E92F4AB86C008AF6B5 /* SpellSwiftDataTests.swift */,
			);
			path = Spell;
			sourceTree = "<group>";
		};
		0A4BC4A92F416EEB006D8D14 /* App */ = {
			isa = PBXGroup;
			children = (
				0A4BC49C2F416A6F006D8D14 /* Assets.xcassets */,
				0A4BC49D2F416A6F006D8D14 /* MagisteriumApp.swift */,
			);
			path = App;
			sourceTree = "<group>";
		};
		0A4BC4AA2F416EFD006D8D14 /* Core */ = {
			isa = PBXGroup;
			children = (
				0A4BC4C22F41771B006D8D14 /* MOMClassificationCalculator.swift */,
			);
			path = Core;
			sourceTree = "<group>";
		};
		0A4BC4AB2F416F03006D8D14 /* Legacy */ = {
			isa = PBXGroup;
			children = (
				0A4BC4C02F417582006D8D14 /* MOMClassificationEngine.m */,
				0A4BC4972F403947006D8D14 /* Magisterium-Bridging-Header.h */,
				0A4BC4BF2F4174C1006D8D14 /* MOMClassificationEngine.h */,
			);
			path = Legacy;
			sourceTree = "<group>";
		};
		0A4BC4AC2F416F15006D8D14 /* Models */ = {
			isa = PBXGroup;
			children = (
				0A4BC4B92F417197006D8D14 /* Beast.swift */,
				0A4BC4BB2F4171CD006D8D14 /* BeastCategory.swift */,
				0A4BC4BD2F4171E6006D8D14 /* MOMClassification.swift */,
			);
			path = Models;
			sourceTree = "<group>";
		};
		0A4BC4B02F416F7E006D8D14 /* MagisteriumTests */ = {
			isa = PBXGroup;
			children = (
				0A7AD4EB2F4ABA8C008AF6B5 /* Networking */,
				0A3480FC2F4AB6B3000BBD6B /* Domain */,
				0A4BC4AF2F416F7E006D8D14 /* MagisteriumTests.swift */,
			);
			path = MagisteriumTests;
			sourceTree = "<group>";
		};
		0A4BC4B42F416F90006D8D14 /* MagisteriumUITests */ = {
			isa = PBXGroup;
			children = (
				0A4BC4B22F416F90006D8D14 /* MagisteriumUITests.swift */,
				0A4BC4B32F416F90006D8D14 /* MagisteriumUITestsLaunchTests.swift */,
			);
			path = MagisteriumUITests;
			sourceTree = "<group>";
		};
		0A4BC4B72F416F9A006D8D14 /* Magisterium */ = {
			isa = PBXGroup;
			children = (
				0A4BC4A92F416EEB006D8D14 /* App */,
				0A4BC4AA2F416EFD006D8D14 /* Core */,
				0A4F141B2F4953B80099948D /* Domain */,
				0A4BC4AB2F416F03006D8D14 /* Legacy */,
				0A4BC4AC2F416F15006D8D14 /* Models */,
				0A4F14172F4951560099948D /* Networking */,
				0A4F14202F4959200099948D /* Persistence */,
				0A3480F02F4AA70D000BBD6B /* Presentation */,
			);
			path = Magisterium;
			sourceTree = "<group>";
		};
		0A4F14172F4951560099948D /* Networking */ = {
			isa = PBXGroup;
			children = (
				0A3480F32F4AA786000BBD6B /* Http */,
				0A3480F22F4AA741000BBD6B /* DTOs */,
				0A4F14442F4961D10099948D /* Sources */,
			);
			path = Networking;
			sourceTree = "<group>";
		};
		0A4F141B2F4953B80099948D /* Domain */ = {
			isa = PBXGroup;
			children = (
				0A4F141F2F4958DF0099948D /* Spell */,
			);
			path = Domain;
			sourceTree = "<group>";
		};
		0A4F141F2F4958DF0099948D /* Spell */ = {
			isa = PBXGroup;
			children = (
				0A4F141D2F4953E10099948D /* Spell.swift */,
				0A4BC4D02F4186F0006D8D14 /* SpellType.swift */,
			);
			path = Spell;
			sourceTree = "<group>";
		};
		0A4F14202F4959200099948D /* Persistence */ = {
			isa = PBXGroup;
			children = (
				0A4F14212F49593C0099948D /* Repository */,
			);
			path = Persistence;
			sourceTree = "<group>";
		};
		0A4F14212F49593C0099948D /* Repository */ = {
			isa = PBXGroup;
			children = (
				0A4F14302F495C660099948D /* GenericSyncService.swift */,
				0A4F142C2F495BDE0099948D /* DTOIdentifying.swift */,
				0A4F14272F495AF30099948D /* DTOMapper.swift */,
				0A4F14232F495A220099948D /* RemoteFetching.swift */,
				0A4F142B2F495B5E0099948D /* Spell */,
			);
			path = Repository;
			sourceTree = "<group>";
		};
		0A4F142B2F495B5E0099948D /* Spell */ = {
			isa = PBXGroup;
			children = (
				0A4F14492F4963D10099948D /* SpellSyncService.swift */,
				0A4F142E2F495C030099948D /* SpellIdentifier.swift */,
				0A4F14292F495B320099948D /* SpellMapper.swift */,
			);
			path = Spell;
			sourceTree = "<group>";
		};
		0A4F14442F4961D10099948D /* Sources */ = {
			isa = PBXGroup;
			children = (
				0A4F14452F4961D80099948D /* SpellRemoteSource.swift */,
			);
			path = Sources;
			sourceTree = "<group>";
		};
		0A7AD4EB2F4ABA8C008AF6B5 /* Networking */ = {
			isa = PBXGroup;
			children = (
				0A7AD4EC2F4ABA96008AF6B5 /* DTOs */,
			);
			path = Networking;
			sourceTree = "<group>";
		};
		0A7AD4EC2F4ABA96008AF6B5 /* DTOs */ = {
			isa = PBXGroup;
			children = (
				0A7AD4ED2F4ABAE6008AF6B5 /* SpellDtoTests.swift */,
			);
			path = DTOs;
			sourceTree = "<group>";
		};
		0AB540F32F40377B007E9D87 = {
			isa = PBXGroup;
			children = (
				0A7AD4E82F4AB78F008AF6B5 /* Magisterium.xctestplan */,
				0A4BC4B72F416F9A006D8D14 /* Magisterium */,
				0A4BC4B02F416F7E006D8D14 /* MagisteriumTests */,
				0A4BC4B42F416F90006D8D14 /* MagisteriumUITests */,
				0AB540FD2F40377B007E9D87 /* Products */,
			);
			sourceTree = "<group>";
		};
		0AB540FD2F40377B007E9D87 /* Products */ = {
			isa = PBXGroup;
			children = (
				0AB540FC2F40377B007E9D87 /* Magisterium.app */,
				0AB541092F40377C007E9D87 /* MagisteriumTests.xctest */,
				0AB541132F40377C007E9D87 /* MagisteriumUITests.xctest */,
			);
			name = Products;
			sourceTree = "<group>";
		};
/* End PBXGroup section */

/* Begin PBXNativeTarget section */
		0AB540FB2F40377B007E9D87 /* Magisterium */ = {
			isa = PBXNativeTarget;
			buildConfigurationList = 0AB5411D2F40377C007E9D87 /* Build configuration list for PBXNativeTarget "Magisterium" */;
			buildPhases = (
				0AB540F82F40377B007E9D87 /* Sources */,
				0AB540F92F40377B007E9D87 /* Frameworks */,
				0AB540FA2F40377B007E9D87 /* Resources */,
			);
			buildRules = (
			);
			dependencies = (
			);
			name = Magisterium;
			packageProductDependencies = (
			);
			productName = FantasticBeasts;
			productReference = 0AB540FC2F40377B007E9D87 /* Magisterium.app */;
			productType = "com.apple.product-type.application";
		};
		0AB541082F40377C007E9D87 /* MagisteriumTests */ = {
			isa = PBXNativeTarget;
			buildConfigurationList = 0AB541202F40377C007E9D87 /* Build configuration list for PBXNativeTarget "MagisteriumTests" */;
			buildPhases = (
				0AB541052F40377C007E9D87 /* Sources */,
				0AB541062F40377C007E9D87 /* Frameworks */,
				0AB541072F40377C007E9D87 /* Resources */,
			);
			buildRules = (
			);
			dependencies = (
				0AB5410B2F40377C007E9D87 /* PBXTargetDependency */,
			);
			name = MagisteriumTests;
			packageProductDependencies = (
			);
			productName = FantasticBeastsTests;
			productReference = 0AB541092F40377C007E9D87 /* MagisteriumTests.xctest */;
			productType = "com.apple.product-type.bundle.unit-test";
		};
		0AB541122F40377C007E9D87 /* MagisteriumUITests */ = {
			isa = PBXNativeTarget;
			buildConfigurationList = 0AB541232F40377C007E9D87 /* Build configuration list for PBXNativeTarget "MagisteriumUITests" */;
			buildPhases = (
				0AB5410F2F40377C007E9D87 /* Sources */,
				0AB541102F40377C007E9D87 /* Frameworks */,
				0AB541112F40377C007E9D87 /* Resources */,
			);
			buildRules = (
			);
			dependencies = (
				0AB541152F40377C007E9D87 /* PBXTargetDependency */,
			);
			name = MagisteriumUITests;
			packageProductDependencies = (
			);
			productName = FantasticBeastsUITests;
			productReference = 0AB541132F40377C007E9D87 /* MagisteriumUITests.xctest */;
			productType = "com.apple.product-type.bundle.ui-testing";
		};
/* End PBXNativeTarget section */

/* Begin PBXProject section */
		0AB540F42F40377B007E9D87 /* Project object */ = {
			isa = PBXProject;
			attributes = {
				BuildIndependentTargetsInParallel = 1;
				LastSwiftUpdateCheck = 2620;
				LastUpgradeCheck = 2620;
				TargetAttributes = {
					0AB540FB2F40377B007E9D87 = {
						CreatedOnToolsVersion = 26.2;
						LastSwiftMigration = 2620;
					};
					0AB541082F40377C007E9D87 = {
						CreatedOnToolsVersion = 26.2;
						TestTargetID = 0AB540FB2F40377B007E9D87;
					};
					0AB541122F40377C007E9D87 = {
						CreatedOnToolsVersion = 26.2;
						TestTargetID = 0AB540FB2F40377B007E9D87;
					};
				};
			};
			buildConfigurationList = 0AB540F72F40377B007E9D87 /* Build configuration list for PBXProject "Magisterium" */;
			developmentRegion = en;
			hasScannedForEncodings = 0;
			knownRegions = (
				en,
				Base,
			);
			mainGroup = 0AB540F32F40377B007E9D87;
			minimizedProjectReferenceProxies = 1;
			preferredProjectObjectVersion = 77;
			productRefGroup = 0AB540FD2F40377B007E9D87 /* Products */;
			projectDirPath = "";
			projectRoot = "";
			targets = (
				0AB540FB2F40377B007E9D87 /* Magisterium */,
				0AB541082F40377C007E9D87 /* MagisteriumTests */,
				0AB541122F40377C007E9D87 /* MagisteriumUITests */,
			);
		};
/* End PBXProject section */

/* Begin PBXResourcesBuildPhase section */
		0AB540FA2F40377B007E9D87 /* Resources */ = {
			isa = PBXResourcesBuildPhase;
			buildActionMask = 2147483647;
			files = (
				0A4BC4A02F416A6F006D8D14 /* Assets.xcassets in Resources */,
			);
			runOnlyForDeploymentPostprocessing = 0;
		};
		0AB541072F40377C007E9D87 /* Resources */ = {
			isa = PBXResourcesBuildPhase;
			buildActionMask = 2147483647;
			files = (
			);
			runOnlyForDeploymentPostprocessing = 0;
		};
		0AB541112F40377C007E9D87 /* Resources */ = {
			isa = PBXResourcesBuildPhase;
			buildActionMask = 2147483647;
			files = (
			);
			runOnlyForDeploymentPostprocessing = 0;
		};
/* End PBXResourcesBuildPhase section */

/* Begin PBXSourcesBuildPhase section */
		0AB540F82F40377B007E9D87 /* Sources */ = {
			isa = PBXSourcesBuildPhase;
			buildActionMask = 2147483647;
			files = (
				0A4F14462F4961D80099948D /* SpellRemoteSource.swift in Sources */,
				0A4F141A2F4951860099948D /* SpellDto.swift in Sources */,
				0A4BC4D32F4187AD006D8D14 /* SpellListView.swift in Sources */,
				0A3480F52F4AABA0000BBD6B /* SpellRowView.swift in Sources */,
				0A4BC4D52F418A0D006D8D14 /* SpellDetailView.swift in Sources */,
				0A3480F92F4AAD2D000BBD6B /* NetworkError.swift in Sources */,
				0A4F142F2F495C030099948D /* SpellIdentifier.swift in Sources */,
				0A4BC4BC2F4171CD006D8D14 /* BeastCategory.swift in Sources */,
				0A4BC4C32F41771B006D8D14 /* MOMClassificationCalculator.swift in Sources */,
				0A4BC4BA2F417197006D8D14 /* Beast.swift in Sources */,
				0A4BC4C12F417582006D8D14 /* MOMClassificationEngine.m in Sources */,
				0A4F142A2F495B320099948D /* SpellMapper.swift in Sources */,
				0A4F142D2F495BDE0099948D /* DTOIdentifying.swift in Sources */,
				0A4BC4BE2F4171E6006D8D14 /* MOMClassification.swift in Sources */,
				0A4F144A2F4963D10099948D /* SpellSyncService.swift in Sources */,
				0A4BC48C2F403892006D8D14 /* ContentView.swift in Sources */,
				0A4F14242F495A220099948D /* RemoteFetching.swift in Sources */,
				0A4BC4D12F4186F0006D8D14 /* SpellType.swift in Sources */,
				0A4F14312F495C660099948D /* GenericSyncService.swift in Sources */,
				0A4BC4CD2F4183A2006D8D14 /* SpellListViewModel.swift in Sources */,
				0A4F141E2F4953E10099948D /* Spell.swift in Sources */,
				0A4F14282F495AF30099948D /* DTOMapper.swift in Sources */,
				0A4BC49F2F416A6F006D8D14 /* MagisteriumApp.swift in Sources */,
				0A4F14412F4961410099948D /* Endpoint.swift in Sources */,
				0A4F14432F4961920099948D /* NetworkClient.swift in Sources */,
			);
			runOnlyForDeploymentPostprocessing = 0;
		};
		0AB541052F40377C007E9D87 /* Sources */ = {
			isa = PBXSourcesBuildPhase;
			buildActionMask = 2147483647;
			files = (
				0A4BC4B12F416F7E006D8D14 /* MagisteriumTests.swift in Sources */,
				0A3480FF2F4AB6EB000BBD6B /* SpellBasicTests.swift in Sources */,
				0A7AD4EA2F4AB86C008AF6B5 /* SpellSwiftDataTests.swift in Sources */,
				0A3481012F4AB71A000BBD6B /* SpellComputedTypeTests.swift in Sources */,
				0A7AD4EE2F4ABAE6008AF6B5 /* SpellDtoTests.swift in Sources */,
			);
			runOnlyForDeploymentPostprocessing = 0;
		};
		0AB5410F2F40377C007E9D87 /* Sources */ = {
			isa = PBXSourcesBuildPhase;
			buildActionMask = 2147483647;
			files = (
				0A4BC4B52F416F90006D8D14 /* MagisteriumUITests.swift in Sources */,
				0A4BC4B62F416F90006D8D14 /* MagisteriumUITestsLaunchTests.swift in Sources */,
			);
			runOnlyForDeploymentPostprocessing = 0;
		};
/* End PBXSourcesBuildPhase section */

/* Begin PBXTargetDependency section */
		0AB5410B2F40377C007E9D87 /* PBXTargetDependency */ = {
			isa = PBXTargetDependency;
			target = 0AB540FB2F40377B007E9D87 /* Magisterium */;
			targetProxy = 0AB5410A2F40377C007E9D87 /* PBXContainerItemProxy */;
		};
		0AB541152F40377C007E9D87 /* PBXTargetDependency */ = {
			isa = PBXTargetDependency;
			target = 0AB540FB2F40377B007E9D87 /* Magisterium */;
			targetProxy = 0AB541142F40377C007E9D87 /* PBXContainerItemProxy */;
		};
/* End PBXTargetDependency section */

/* Begin XCBuildConfiguration section */
		0AB5411B2F40377C007E9D87 /* Debug */ = {
			isa = XCBuildConfiguration;
			buildSettings = {
				ALWAYS_SEARCH_USER_PATHS = NO;
				ASSETCATALOG_COMPILER_GENERATE_SWIFT_ASSET_SYMBOL_EXTENSIONS = YES;
				CLANG_ANALYZER_NONNULL = YES;
				CLANG_ANALYZER_NUMBER_OBJECT_CONVERSION = YES_AGGRESSIVE;
				CLANG_CXX_LANGUAGE_STANDARD = "gnu++20";
				CLANG_ENABLE_MODULES = YES;
				CLANG_ENABLE_OBJC_ARC = YES;
				CLANG_ENABLE_OBJC_WEAK = YES;
				CLANG_WARN_BLOCK_CAPTURE_AUTORELEASING = YES;
				CLANG_WARN_BOOL_CONVERSION = YES;
				CLANG_WARN_COMMA = YES;
				CLANG_WARN_CONSTANT_CONVERSION = YES;
				CLANG_WARN_DEPRECATED_OBJC_IMPLEMENTATIONS = YES;
				CLANG_WARN_DIRECT_OBJC_ISA_USAGE = YES_ERROR;
				CLANG_WARN_DOCUMENTATION_COMMENTS = YES;
				CLANG_WARN_EMPTY_BODY = YES;
				CLANG_WARN_ENUM_CONVERSION = YES;
				CLANG_WARN_INFINITE_RECURSION = YES;
				CLANG_WARN_INT_CONVERSION = YES;
				CLANG_WARN_NON_LITERAL_NULL_CONVERSION = YES;
				CLANG_WARN_OBJC_IMPLICIT_RETAIN_SELF = YES;
				CLANG_WARN_OBJC_LITERAL_CONVERSION = YES;
				CLANG_WARN_OBJC_ROOT_CLASS = YES_ERROR;
				CLANG_WARN_QUOTED_INCLUDE_IN_FRAMEWORK_HEADER = YES;
				CLANG_WARN_RANGE_LOOP_ANALYSIS = YES;
				CLANG_WARN_STRICT_PROTOTYPES = YES;
				CLANG_WARN_SUSPICIOUS_MOVE = YES;
				CLANG_WARN_UNGUARDED_AVAILABILITY = YES_AGGRESSIVE;
				CLANG_WARN_UNREACHABLE_CODE = YES;
				CLANG_WARN__DUPLICATE_METHOD_MATCH = YES;
				COPY_PHASE_STRIP = NO;
				DEBUG_INFORMATION_FORMAT = dwarf;
				DEVELOPMENT_TEAM = DZ9LB8VDT2;
				ENABLE_STRICT_OBJC_MSGSEND = YES;
				ENABLE_TESTABILITY = YES;
				ENABLE_USER_SCRIPT_SANDBOXING = YES;
				GCC_C_LANGUAGE_STANDARD = gnu17;
				GCC_DYNAMIC_NO_PIC = NO;
				GCC_NO_COMMON_BLOCKS = YES;
				GCC_OPTIMIZATION_LEVEL = 0;
				GCC_PREPROCESSOR_DEFINITIONS = (
					"DEBUG=1",
					"$(inherited)",
				);
				GCC_WARN_64_TO_32_BIT_CONVERSION = YES;
				GCC_WARN_ABOUT_RETURN_TYPE = YES_ERROR;
				GCC_WARN_UNDECLARED_SELECTOR = YES;
				GCC_WARN_UNINITIALIZED_AUTOS = YES_AGGRESSIVE;
				GCC_WARN_UNUSED_FUNCTION = YES;
				GCC_WARN_UNUSED_VARIABLE = YES;
				LOCALIZATION_PREFERS_STRING_CATALOGS = YES;
				MTL_ENABLE_DEBUG_INFO = INCLUDE_SOURCE;
				MTL_FAST_MATH = YES;
				ONLY_ACTIVE_ARCH = YES;
				SWIFT_ACTIVE_COMPILATION_CONDITIONS = "DEBUG $(inherited)";
				SWIFT_OPTIMIZATION_LEVEL = "-Onone";
			};
			name = Debug;
		};
		0AB5411C2F40377C007E9D87 /* Release */ = {
			isa = XCBuildConfiguration;
			buildSettings = {
				ALWAYS_SEARCH_USER_PATHS = NO;
				ASSETCATALOG_COMPILER_GENERATE_SWIFT_ASSET_SYMBOL_EXTENSIONS = YES;
				CLANG_ANALYZER_NONNULL = YES;
				CLANG_ANALYZER_NUMBER_OBJECT_CONVERSION = YES_AGGRESSIVE;
				CLANG_CXX_LANGUAGE_STANDARD = "gnu++20";
				CLANG_ENABLE_MODULES = YES;
				CLANG_ENABLE_OBJC_ARC = YES;
				CLANG_ENABLE_OBJC_WEAK = YES;
				CLANG_WARN_BLOCK_CAPTURE_AUTORELEASING = YES;
				CLANG_WARN_BOOL_CONVERSION = YES;
				CLANG_WARN_COMMA = YES;
				CLANG_WARN_CONSTANT_CONVERSION = YES;
				CLANG_WARN_DEPRECATED_OBJC_IMPLEMENTATIONS = YES;
				CLANG_WARN_DIRECT_OBJC_ISA_USAGE = YES_ERROR;
				CLANG_WARN_DOCUMENTATION_COMMENTS = YES;
				CLANG_WARN_EMPTY_BODY = YES;
				CLANG_WARN_ENUM_CONVERSION = YES;
				CLANG_WARN_INFINITE_RECURSION = YES;
				CLANG_WARN_INT_CONVERSION = YES;
				CLANG_WARN_NON_LITERAL_NULL_CONVERSION = YES;
				CLANG_WARN_OBJC_IMPLICIT_RETAIN_SELF = YES;
				CLANG_WARN_OBJC_LITERAL_CONVERSION = YES;
				CLANG_WARN_OBJC_ROOT_CLASS = YES_ERROR;
				CLANG_WARN_QUOTED_INCLUDE_IN_FRAMEWORK_HEADER = YES;
				CLANG_WARN_RANGE_LOOP_ANALYSIS = YES;
				CLANG_WARN_STRICT_PROTOTYPES = YES;
				CLANG_WARN_SUSPICIOUS_MOVE = YES;
				CLANG_WARN_UNGUARDED_AVAILABILITY = YES_AGGRESSIVE;
				CLANG_WARN_UNREACHABLE_CODE = YES;
				CLANG_WARN__DUPLICATE_METHOD_MATCH = YES;
				COPY_PHASE_STRIP = NO;
				DEBUG_INFORMATION_FORMAT = "dwarf-with-dsym";
				DEVELOPMENT_TEAM = DZ9LB8VDT2;
				ENABLE_NS_ASSERTIONS = NO;
				ENABLE_STRICT_OBJC_MSGSEND = YES;
				ENABLE_USER_SCRIPT_SANDBOXING = YES;
				GCC_C_LANGUAGE_STANDARD = gnu17;
				GCC_NO_COMMON_BLOCKS = YES;
				GCC_WARN_64_TO_32_BIT_CONVERSION = YES;
				GCC_WARN_ABOUT_RETURN_TYPE = YES_ERROR;
				GCC_WARN_UNDECLARED_SELECTOR = YES;
				GCC_WARN_UNINITIALIZED_AUTOS = YES_AGGRESSIVE;
				GCC_WARN_UNUSED_FUNCTION = YES;
				GCC_WARN_UNUSED_VARIABLE = YES;
				LOCALIZATION_PREFERS_STRING_CATALOGS = YES;
				MTL_ENABLE_DEBUG_INFO = NO;
				MTL_FAST_MATH = YES;
				SWIFT_COMPILATION_MODE = wholemodule;
			};
			name = Release;
		};
		0AB5411E2F40377C007E9D87 /* Debug */ = {
			isa = XCBuildConfiguration;
			buildSettings = {
				ASSETCATALOG_COMPILER_APPICON_NAME = AppIcon;
				ASSETCATALOG_COMPILER_GLOBAL_ACCENT_COLOR_NAME = AccentColor;
				CLANG_ENABLE_MODULES = YES;
				CODE_SIGN_STYLE = Automatic;
				CURRENT_PROJECT_VERSION = 1;
				DEVELOPMENT_TEAM = DZ9LB8VDT2;
				ENABLE_APP_SANDBOX = YES;
				ENABLE_HARDENED_RUNTIME = YES;
				ENABLE_PREVIEWS = YES;
				ENABLE_USER_SELECTED_FILES = readonly;
				GENERATE_INFOPLIST_FILE = YES;
				"INFOPLIST_KEY_UIApplicationSceneManifest_Generation[sdk=iphoneos*]" = YES;
				"INFOPLIST_KEY_UIApplicationSceneManifest_Generation[sdk=iphonesimulator*]" = YES;
				"INFOPLIST_KEY_UIApplicationSupportsIndirectInputEvents[sdk=iphoneos*]" = YES;
				"INFOPLIST_KEY_UIApplicationSupportsIndirectInputEvents[sdk=iphonesimulator*]" = YES;
				"INFOPLIST_KEY_UILaunchScreen_Generation[sdk=iphoneos*]" = YES;
				"INFOPLIST_KEY_UILaunchScreen_Generation[sdk=iphonesimulator*]" = YES;
				"INFOPLIST_KEY_UIStatusBarStyle[sdk=iphoneos*]" = UIStatusBarStyleDefault;
				"INFOPLIST_KEY_UIStatusBarStyle[sdk=iphonesimulator*]" = UIStatusBarStyleDefault;
				INFOPLIST_KEY_UISupportedInterfaceOrientations_iPad = "UIInterfaceOrientationPortrait UIInterfaceOrientationPortraitUpsideDown UIInterfaceOrientationLandscapeLeft UIInterfaceOrientationLandscapeRight";
				INFOPLIST_KEY_UISupportedInterfaceOrientations_iPhone = "UIInterfaceOrientationPortrait UIInterfaceOrientationLandscapeLeft UIInterfaceOrientationLandscapeRight";
				IPHONEOS_DEPLOYMENT_TARGET = 26.2;
				LD_RUNPATH_SEARCH_PATHS = "@executable_path/Frameworks";
				"LD_RUNPATH_SEARCH_PATHS[sdk=macosx*]" = "@executable_path/../Frameworks";
				MACOSX_DEPLOYMENT_TARGET = 26.2;
				MARKETING_VERSION = 1.0;
				PRODUCT_BUNDLE_IDENTIFIER = com.kevinsp.FantasticBeasts;
				PRODUCT_NAME = "$(TARGET_NAME)";
				REGISTER_APP_GROUPS = YES;
				SDKROOT = auto;
				STRING_CATALOG_GENERATE_SYMBOLS = YES;
				SUPPORTED_PLATFORMS = "iphoneos iphonesimulator macosx xros xrsimulator";
				SWIFT_APPROACHABLE_CONCURRENCY = YES;
				SWIFT_DEFAULT_ACTOR_ISOLATION = MainActor;
				SWIFT_EMIT_LOC_STRINGS = YES;
				SWIFT_OBJC_BRIDGING_HEADER = "$(PROJECT_DIR)/Magisterium/Legacy/Magisterium-Bridging-Header.h";
				SWIFT_OPTIMIZATION_LEVEL = "-Onone";
				SWIFT_UPCOMING_FEATURE_MEMBER_IMPORT_VISIBILITY = YES;
				SWIFT_VERSION = 5.0;
				TARGETED_DEVICE_FAMILY = "1,2,7";
				XROS_DEPLOYMENT_TARGET = 26.2;
			};
			name = Debug;
		};
		0AB5411F2F40377C007E9D87 /* Release */ = {
			isa = XCBuildConfiguration;
			buildSettings = {
				ASSETCATALOG_COMPILER_APPICON_NAME = AppIcon;
				ASSETCATALOG_COMPILER_GLOBAL_ACCENT_COLOR_NAME = AccentColor;
				CLANG_ENABLE_MODULES = YES;
				CODE_SIGN_STYLE = Automatic;
				CURRENT_PROJECT_VERSION = 1;
				DEVELOPMENT_TEAM = DZ9LB8VDT2;
				ENABLE_APP_SANDBOX = YES;
				ENABLE_HARDENED_RUNTIME = YES;
				ENABLE_PREVIEWS = YES;
				ENABLE_USER_SELECTED_FILES = readonly;
				GENERATE_INFOPLIST_FILE = YES;
				"INFOPLIST_KEY_UIApplicationSceneManifest_Generation[sdk=iphoneos*]" = YES;
				"INFOPLIST_KEY_UIApplicationSceneManifest_Generation[sdk=iphonesimulator*]" = YES;
				"INFOPLIST_KEY_UIApplicationSupportsIndirectInputEvents[sdk=iphoneos*]" = YES;
				"INFOPLIST_KEY_UIApplicationSupportsIndirectInputEvents[sdk=iphonesimulator*]" = YES;
				"INFOPLIST_KEY_UILaunchScreen_Generation[sdk=iphoneos*]" = YES;
				"INFOPLIST_KEY_UILaunchScreen_Generation[sdk=iphonesimulator*]" = YES;
				"INFOPLIST_KEY_UIStatusBarStyle[sdk=iphoneos*]" = UIStatusBarStyleDefault;
				"INFOPLIST_KEY_UIStatusBarStyle[sdk=iphonesimulator*]" = UIStatusBarStyleDefault;
				INFOPLIST_KEY_UISupportedInterfaceOrientations_iPad = "UIInterfaceOrientationPortrait UIInterfaceOrientationPortraitUpsideDown UIInterfaceOrientationLandscapeLeft UIInterfaceOrientationLandscapeRight";
				INFOPLIST_KEY_UISupportedInterfaceOrientations_iPhone = "UIInterfaceOrientationPortrait UIInterfaceOrientationLandscapeLeft UIInterfaceOrientationLandscapeRight";
				IPHONEOS_DEPLOYMENT_TARGET = 26.2;
				LD_RUNPATH_SEARCH_PATHS = "@executable_path/Frameworks";
				"LD_RUNPATH_SEARCH_PATHS[sdk=macosx*]" = "@executable_path/../Frameworks";
				MACOSX_DEPLOYMENT_TARGET = 26.2;
				MARKETING_VERSION = 1.0;
				PRODUCT_BUNDLE_IDENTIFIER = com.kevinsp.FantasticBeasts;
				PRODUCT_NAME = "$(TARGET_NAME)";
				REGISTER_APP_GROUPS = YES;
				SDKROOT = auto;
				STRING_CATALOG_GENERATE_SYMBOLS = YES;
				SUPPORTED_PLATFORMS = "iphoneos iphonesimulator macosx xros xrsimulator";
				SWIFT_APPROACHABLE_CONCURRENCY = YES;
				SWIFT_DEFAULT_ACTOR_ISOLATION = MainActor;
				SWIFT_EMIT_LOC_STRINGS = YES;
				SWIFT_OBJC_BRIDGING_HEADER = "$(PROJECT_DIR)/Magisterium/Legacy/Magisterium-Bridging-Header.h";
				SWIFT_UPCOMING_FEATURE_MEMBER_IMPORT_VISIBILITY = YES;
				SWIFT_VERSION = 5.0;
				TARGETED_DEVICE_FAMILY = "1,2,7";
				XROS_DEPLOYMENT_TARGET = 26.2;
			};
			name = Release;
		};
		0AB541212F40377C007E9D87 /* Debug */ = {
			isa = XCBuildConfiguration;
			buildSettings = {
				BUNDLE_LOADER = "$(TEST_HOST)";
				CODE_SIGN_STYLE = Automatic;
				CURRENT_PROJECT_VERSION = 1;
				DEVELOPMENT_TEAM = DZ9LB8VDT2;
				GENERATE_INFOPLIST_FILE = YES;
				IPHONEOS_DEPLOYMENT_TARGET = 26.2;
				MACOSX_DEPLOYMENT_TARGET = 26.2;
				MARKETING_VERSION = 1.0;
				PRODUCT_BUNDLE_IDENTIFIER = com.kevinsp.FantasticBeastsTests;
				PRODUCT_NAME = "$(TARGET_NAME)";
				SDKROOT = auto;
				STRING_CATALOG_GENERATE_SYMBOLS = NO;
				SUPPORTED_PLATFORMS = "iphoneos iphonesimulator macosx xros xrsimulator";
				SWIFT_APPROACHABLE_CONCURRENCY = YES;
				SWIFT_EMIT_LOC_STRINGS = NO;
				SWIFT_UPCOMING_FEATURE_MEMBER_IMPORT_VISIBILITY = YES;
				SWIFT_VERSION = 5.0;
				TARGETED_DEVICE_FAMILY = "1,2,7";
				TEST_HOST = "$(BUILT_PRODUCTS_DIR)/Magisterium.app/$(BUNDLE_EXECUTABLE_FOLDER_PATH)/Magisterium";
				XROS_DEPLOYMENT_TARGET = 26.2;
			};
			name = Debug;
		};
		0AB541222F40377C007E9D87 /* Release */ = {
			isa = XCBuildConfiguration;
			buildSettings = {
				BUNDLE_LOADER = "$(TEST_HOST)";
				CODE_SIGN_STYLE = Automatic;
				CURRENT_PROJECT_VERSION = 1;
				DEVELOPMENT_TEAM = DZ9LB8VDT2;
				GENERATE_INFOPLIST_FILE = YES;
				IPHONEOS_DEPLOYMENT_TARGET = 26.2;
				MACOSX_DEPLOYMENT_TARGET = 26.2;
				MARKETING_VERSION = 1.0;
				PRODUCT_BUNDLE_IDENTIFIER = com.kevinsp.FantasticBeastsTests;
				PRODUCT_NAME = "$(TARGET_NAME)";
				SDKROOT = auto;
				STRING_CATALOG_GENERATE_SYMBOLS = NO;
				SUPPORTED_PLATFORMS = "iphoneos iphonesimulator macosx xros xrsimulator";
				SWIFT_APPROACHABLE_CONCURRENCY = YES;
				SWIFT_EMIT_LOC_STRINGS = NO;
				SWIFT_UPCOMING_FEATURE_MEMBER_IMPORT_VISIBILITY = YES;
				SWIFT_VERSION = 5.0;
				TARGETED_DEVICE_FAMILY = "1,2,7";
				TEST_HOST = "$(BUILT_PRODUCTS_DIR)/Magisterium.app/$(BUNDLE_EXECUTABLE_FOLDER_PATH)/Magisterium";
				XROS_DEPLOYMENT_TARGET = 26.2;
			};
			name = Release;
		};
		0AB541242F40377C007E9D87 /* Debug */ = {
			isa = XCBuildConfiguration;
			buildSettings = {
				CODE_SIGN_STYLE = Automatic;
				CURRENT_PROJECT_VERSION = 1;
				DEVELOPMENT_TEAM = DZ9LB8VDT2;
				GENERATE_INFOPLIST_FILE = YES;
				IPHONEOS_DEPLOYMENT_TARGET = 26.2;
				MACOSX_DEPLOYMENT_TARGET = 26.2;
				MARKETING_VERSION = 1.0;
				PRODUCT_BUNDLE_IDENTIFIER = com.kevinsp.FantasticBeastsUITests;
				PRODUCT_NAME = "$(TARGET_NAME)";
				SDKROOT = auto;
				STRING_CATALOG_GENERATE_SYMBOLS = NO;
				SUPPORTED_PLATFORMS = "iphoneos iphonesimulator macosx xros xrsimulator";
				SWIFT_APPROACHABLE_CONCURRENCY = YES;
				SWIFT_EMIT_LOC_STRINGS = NO;
				SWIFT_UPCOMING_FEATURE_MEMBER_IMPORT_VISIBILITY = YES;
				SWIFT_VERSION = 5.0;
				TARGETED_DEVICE_FAMILY = "1,2,7";
				TEST_TARGET_NAME = FantasticBeasts;
				XROS_DEPLOYMENT_TARGET = 26.2;
			};
			name = Debug;
		};
		0AB541252F40377C007E9D87 /* Release */ = {
			isa = XCBuildConfiguration;
			buildSettings = {
				CODE_SIGN_STYLE = Automatic;
				CURRENT_PROJECT_VERSION = 1;
				DEVELOPMENT_TEAM = DZ9LB8VDT2;
				GENERATE_INFOPLIST_FILE = YES;
				IPHONEOS_DEPLOYMENT_TARGET = 26.2;
				MACOSX_DEPLOYMENT_TARGET = 26.2;
				MARKETING_VERSION = 1.0;
				PRODUCT_BUNDLE_IDENTIFIER = com.kevinsp.FantasticBeastsUITests;
				PRODUCT_NAME = "$(TARGET_NAME)";
				SDKROOT = auto;
				STRING_CATALOG_GENERATE_SYMBOLS = NO;
				SUPPORTED_PLATFORMS = "iphoneos iphonesimulator macosx xros xrsimulator";
				SWIFT_APPROACHABLE_CONCURRENCY = YES;
				SWIFT_EMIT_LOC_STRINGS = NO;
				SWIFT_UPCOMING_FEATURE_MEMBER_IMPORT_VISIBILITY = YES;
				SWIFT_VERSION = 5.0;
				TARGETED_DEVICE_FAMILY = "1,2,7";
				TEST_TARGET_NAME = FantasticBeasts;
				XROS_DEPLOYMENT_TARGET = 26.2;
			};
			name = Release;
		};
/* End XCBuildConfiguration section */

/* Begin XCConfigurationList section */
		0AB540F72F40377B007E9D87 /* Build configuration list for PBXProject "Magisterium" */ = {
			isa = XCConfigurationList;
			buildConfigurations = (
				0AB5411B2F40377C007E9D87 /* Debug */,
				0AB5411C2F40377C007E9D87 /* Release */,
			);
			defaultConfigurationIsVisible = 0;
			defaultConfigurationName = Release;
		};
		0AB5411D2F40377C007E9D87 /* Build configuration list for PBXNativeTarget "Magisterium" */ = {
			isa = XCConfigurationList;
			buildConfigurations = (
				0AB5411E2F40377C007E9D87 /* Debug */,
				0AB5411F2F40377C007E9D87 /* Release */,
			);
			defaultConfigurationIsVisible = 0;
			defaultConfigurationName = Release;
		};
		0AB541202F40377C007E9D87 /* Build configuration list for PBXNativeTarget "MagisteriumTests" */ = {
			isa = XCConfigurationList;
			buildConfigurations = (
				0AB541212F40377C007E9D87 /* Debug */,
				0AB541222F40377C007E9D87 /* Release */,
			);
			defaultConfigurationIsVisible = 0;
			defaultConfigurationName = Release;
		};
		0AB541232F40377C007E9D87 /* Build configuration list for PBXNativeTarget "MagisteriumUITests" */ = {
			isa = XCConfigurationList;
			buildConfigurations = (
				0AB541242F40377C007E9D87 /* Debug */,
				0AB541252F40377C007E9D87 /* Release */,
			);
			defaultConfigurationIsVisible = 0;
			defaultConfigurationName = Release;
		};
/* End XCConfigurationList section */
	};
	rootObject = 0AB540F42F40377B007E9D87 /* Project object */;
}
